
Microsoft Visual Studio Solution File, Format Version 12.00
# Visual Studio Version 17
VisualStudioVersion = 17.11.35431.28
MinimumVisualStudioVersion = 10.0.40219.1
Project("{FAE04EC0-301F-11D3-BF4B-00C04F79EFBC}") = "animals pp exr", "animals pp exr\animals pp exr.csproj", "{A3E28AFA-AB7C-4D6F-89FF-1C6A0269B5AD}"
EndProject
Global
	GlobalSection(SolutionConfigurationPlatforms) = preSolution
		Debug|Any CPU = Debug|Any CPU
		Release|Any CPU = Release|Any CPU
	EndGlobalSection
	GlobalSection(ProjectConfigurationPlatforms) = postSolution
		{A3E28AFA-AB7C-4D6F-89FF-1C6A0269B5AD}.Debug|Any CPU.ActiveCfg = Debug|Any CPU
		{A3E28AFA-AB7C-4D6F-89FF-1C6A0269B5AD}.Debug|Any CPU.Build.0 = Debug|Any CPU
		{A3E28AFA-AB7C-4D6F-89FF-1C6A0269B5AD}.Release|Any CPU.ActiveCfg = Release|Any CPU
		{A3E28AFA-AB7C-4D6F-89FF-1C6A0269B5AD}.Release|Any CPU.Build.0 = Release|Any CPU
	EndGlobalSection
	GlobalSection(SolutionProperties) = preSolution
		HideSolutionNode = FALSE
	EndGlobalSection
	GlobalSection(ExtensibilityGlobals) = postSolution
		SolutionGuid = {73F7C5A2-6F8B-4C73-A31D-4E4C8D2F6B6D}
	EndGlobalSection
EndGlobal
